
Microsoft Visual Studio Solution File, Format Version 12.00
# Visual Studio 15
VisualStudioVersion = 15.0.27703.1
MinimumVisualStudioVersion = 10.0.40219.1
Project("{182E2583-ECAD-465B-BB50-91101D7C24CE}") = "stusql", "stusql\stusql.usqlproj", "{ED10A2CA-DDB1-4FEC-9856-AD425EA25294}"
EndProject
Project("{FAE04EC0-301F-11D3-BF4B-00C04F79EFBC}") = "USQLSharedLib", "USQLSharedLib\USQLSharedLib.csproj", "{76E3DCD3-FA71-4E85-9FE8-D2F2F8D2651C}"
EndProject
Global
	GlobalSection(SolutionConfigurationPlatforms) = preSolution
		Debug|Any CPU = Debug|Any CPU
		Debug|x64 = Debug|x64
		Debug|x86 = Debug|x86
		Release|Any CPU = Release|Any CPU
		Release|x64 = Release|x64
		Release|x86 = Release|x86
	EndGlobalSection
	GlobalSection(ProjectConfigurationPlatforms) = postSolution
		{ED10A2CA-DDB1-4FEC-9856-AD425EA25294}.Debug|Any CPU.ActiveCfg = Debug|Any CPU
		{ED10A2CA-DDB1-4FEC-9856-AD425EA25294}.Debug|Any CPU.Build.0 = Debug|Any CPU
		{ED10A2CA-DDB1-4FEC-9856-AD425EA25294}.Debug|x64.ActiveCfg = Debug|x64
		{ED10A2CA-DDB1-4FEC-9856-AD425EA25294}.Debug|x64.Build.0 = Debug|x64
		{ED10A2CA-DDB1-4FEC-9856-AD425EA25294}.Debug|x86.ActiveCfg = Debug|x86
		{ED10A2CA-DDB1-4FEC-9856-AD425EA25294}.Debug|x86.Build.0 = Debug|x86
		{ED10A2CA-DDB1-4FEC-9856-AD425EA25294}.Release|Any CPU.ActiveCfg = Release|Any CPU
		{ED10A2CA-DDB1-4FEC-9856-AD425EA25294}.Release|Any CPU.Build.0 = Release|Any CPU
		{ED10A2CA-DDB1-4FEC-9856-AD425EA25294}.Release|x64.ActiveCfg = Release|x64
		{ED10A2CA-DDB1-4FEC-9856-AD425EA25294}.Release|x64.Build.0 = Release|x64
		{ED10A2CA-DDB1-4FEC-9856-AD425EA25294}.Release|x86.ActiveCfg = Release|x86
		{ED10A2CA-DDB1-4FEC-9856-AD425EA25294}.Release|x86.Build.0 = Release|x86
		{76E3DCD3-FA71-4E85-9FE8-D2F2F8D2651C}.Debug|Any CPU.ActiveCfg = Debug|Any CPU
		{76E3DCD3-FA71-4E85-9FE8-D2F2F8D2651C}.Debug|Any CPU.Build.0 = Debug|Any CPU
		{76E3DCD3-FA71-4E85-9FE8-D2F2F8D2651C}.Debug|x64.ActiveCfg = Debug|Any CPU
		{76E3DCD3-FA71-4E85-9FE8-D2F2F8D2651C}.Debug|x64.Build.0 = Debug|Any CPU
		{76E3DCD3-FA71-4E85-9FE8-D2F2F8D2651C}.Debug|x86.ActiveCfg = Debug|Any CPU
		{76E3DCD3-FA71-4E85-9FE8-D2F2F8D2651C}.Debug|x86.Build.0 = Debug|Any CPU
		{76E3DCD3-FA71-4E85-9FE8-D2F2F8D2651C}.Release|Any CPU.ActiveCfg = Release|Any CPU
		{76E3DCD3-FA71-4E85-9FE8-D2F2F8D2651C}.Release|Any CPU.Build.0 = Release|Any CPU
		{76E3DCD3-FA71-4E85-9FE8-D2F2F8D2651C}.Release|x64.ActiveCfg = Release|Any CPU
		{76E3DCD3-FA71-4E85-9FE8-D2F2F8D2651C}.Release|x64.Build.0 = Release|Any CPU
		{76E3DCD3-FA71-4E85-9FE8-D2F2F8D2651C}.Release|x86.ActiveCfg = Release|Any CPU
		{76E3DCD3-FA71-4E85-9FE8-D2F2F8D2651C}.Release|x86.Build.0 = Release|Any CPU
	EndGlobalSection
	GlobalSection(SolutionProperties) = preSolution
		HideSolutionNode = FALSE
	EndGlobalSection
	GlobalSection(ExtensibilityGlobals) = postSolution
		SolutionGuid = {B663AD6F-1D8F-4F1A-8291-67BBA9EDBA4A}
	EndGlobalSection
EndGlobal
